
Microsoft Visual Studio Solution File, Format Version 12.00
# Visual Studio Version 17
VisualStudioVersion = 17.3.32901.215
MinimumVisualStudioVersion = 10.0.40219.1
Project("{FAE04EC0-301F-11D3-BF4B-00C04F79EFBC}") = "ShipIt_Ellis", "ShipIt_Ellis\ShipIt_Ellis.csproj", "{384FCCC2-129B-449A-932D-BAD5DAEB0E29}"
EndProject
Global
	GlobalSection(SolutionConfigurationPlatforms) = preSolution
		Debug|Any CPU = Debug|Any CPU
		Release|Any CPU = Release|Any CPU
	EndGlobalSection
	GlobalSection(ProjectConfigurationPlatforms) = postSolution
		{384FCCC2-129B-449A-932D-BAD5DAEB0E29}.Debug|Any CPU.ActiveCfg = Debug|Any CPU
		{384FCCC2-129B-449A-932D-BAD5DAEB0E29}.Debug|Any CPU.Build.0 = Debug|Any CPU
		{384FCCC2-129B-449A-932D-BAD5DAEB0E29}.Release|Any CPU.ActiveCfg = Release|Any CPU
		{384FCCC2-129B-449A-932D-BAD5DAEB0E29}.Release|Any CPU.Build.0 = Release|Any CPU
	EndGlobalSection
	GlobalSection(SolutionProperties) = preSolution
		HideSolutionNode = FALSE
	EndGlobalSection
	GlobalSection(ExtensibilityGlobals) = postSolution
		SolutionGuid = {2D291230-0637-438C-981A-99ADDA6C3DB6}
	EndGlobalSection
EndGlobal
